
Microsoft Visual Studio Solution File, Format Version 12.00
# Visual Studio 2012
Project("{FAE04EC0-301F-11D3-BF4B-00C04F79EFBC}") = "LeanCloud.Realtime.NetCore", "LeanCloud.Realtime.NetCore.csproj", "{7254CCA7-25A1-4E86-94BE-22ABA917119C}"
EndProject
Project("{2150E333-8FDC-42A3-9474-1A3956D46DE8}") = "Test", "Test", "{2178AA29-83C4-4595-81FF-01734D8E17C7}"
EndProject
Project("{FAE04EC0-301F-11D3-BF4B-00C04F79EFBC}") = "ConsoleApp.NetCore", "..\SampleCode\ConsoleApp.NetCore\ConsoleApp.NetCore.csproj", "{39A60E88-0659-4B1F-8E7F-D97AF849D378}"
EndProject
Project("{2150E333-8FDC-42A3-9474-1A3956D46DE8}") = "CLI", "CLI", "{FC5CE441-4116-46A7-A0B9-6E35D7C85550}"
EndProject
Project("{FAE04EC0-301F-11D3-BF4B-00C04F79EFBC}") = "LeanCloud.Realtime.CLI", "..\CLI\LeanCloud.Realtime.CLI\LeanCloud.Realtime.CLI.csproj", "{4199CE30-E734-499D-8C21-7D6FDDD3C344}"
EndProject
Global
	GlobalSection(SolutionConfigurationPlatforms) = preSolution
		Debug|Any CPU = Debug|Any CPU
		Release|Any CPU = Release|Any CPU
	EndGlobalSection
	GlobalSection(ProjectConfigurationPlatforms) = postSolution
		{7254CCA7-25A1-4E86-94BE-22ABA917119C}.Debug|Any CPU.ActiveCfg = Debug|Any CPU
		{7254CCA7-25A1-4E86-94BE-22ABA917119C}.Debug|Any CPU.Build.0 = Debug|Any CPU
		{7254CCA7-25A1-4E86-94BE-22ABA917119C}.Release|Any CPU.ActiveCfg = Release|Any CPU
		{7254CCA7-25A1-4E86-94BE-22ABA917119C}.Release|Any CPU.Build.0 = Release|Any CPU
		{39A60E88-0659-4B1F-8E7F-D97AF849D378}.Debug|Any CPU.ActiveCfg = Debug|Any CPU
		{39A60E88-0659-4B1F-8E7F-D97AF849D378}.Debug|Any CPU.Build.0 = Debug|Any CPU
		{39A60E88-0659-4B1F-8E7F-D97AF849D378}.Release|Any CPU.ActiveCfg = Release|Any CPU
		{39A60E88-0659-4B1F-8E7F-D97AF849D378}.Release|Any CPU.Build.0 = Release|Any CPU
		{4199CE30-E734-499D-8C21-7D6FDDD3C344}.Debug|Any CPU.ActiveCfg = Debug|Any CPU
		{4199CE30-E734-499D-8C21-7D6FDDD3C344}.Debug|Any CPU.Build.0 = Debug|Any CPU
		{4199CE30-E734-499D-8C21-7D6FDDD3C344}.Release|Any CPU.ActiveCfg = Release|Any CPU
		{4199CE30-E734-499D-8C21-7D6FDDD3C344}.Release|Any CPU.Build.0 = Release|Any CPU
	EndGlobalSection
	GlobalSection(NestedProjects) = preSolution
		{39A60E88-0659-4B1F-8E7F-D97AF849D378} = {2178AA29-83C4-4595-81FF-01734D8E17C7}
		{4199CE30-E734-499D-8C21-7D6FDDD3C344} = {FC5CE441-4116-46A7-A0B9-6E35D7C85550}
	EndGlobalSection
EndGlobal
