Microsoft Visual Studio Solution File, Format Version 12.00
# Visual Studio 15
VisualStudioVersion = 15.0.27130.2024
MinimumVisualStudioVersion = 10.0.40219.1
Project("{FAE04EC0-301F-11D3-BF4B-00C04F79EFBC}") = "LeanCloud.Realtime.Portable", "LeanCloud.Realtime.Portable.csproj", "{6F0554F3-8CC8-4A34-BD68-33A555CCA74D}"
EndProject
Project("{FAE04EC0-301F-11D3-BF4B-00C04F79EFBC}") = "LeanCloud.Realtime.Unity", "LeanCloud.Realtime.Unity.csproj", "{932D8AE3-F5F0-4B01-9CE2-00208472AEE8}"
EndProject
Project("{2150E333-8FDC-42A3-9474-1A3956D46DE8}") = "SampleCode", "SampleCode", "{E93AA0BB-3800-4995-AC3D-C95251362FE1}"
EndProject
Project("{FAE04EC0-301F-11D3-BF4B-00C04F79EFBC}") = "LeanCloud.Realtime.Unity.NetFx35", "LeanCloud.Realtime.Unity.NetFx35.csproj", "{4442C93D-060D-4CE9-8062-4DBCB58541B6}"
EndProject
Project("{2150E333-8FDC-42A3-9474-1A3956D46DE8}") = "Test", "Test", "{F24A5744-E022-41C8-BE20-312322E30262}"
EndProject
Project("{2150E333-8FDC-42A3-9474-1A3956D46DE8}") = "Rx", "Rx", "{4C1E2836-1A6F-45CD-8CE7-8E755B1BC7FA}"
EndProject
Project("{FAE04EC0-301F-11D3-BF4B-00C04F79EFBC}") = "LeanCloud.Realtime.Reactive.Portable", "..\Rx\LeanCloud.Realtime.Reactive.Portable.csproj", "{FB411054-8ED5-43D5-9636-AD61E60F451B}"
EndProject
Project("{FAE04EC0-301F-11D3-BF4B-00C04F79EFBC}") = "LeanCloud.Realtime.Reactive.Unity", "..\Rx\LeanCloud.Realtime.Reactive.Unity.csproj", "{93CB874F-5213-4B01-9CF6-C2FB6B1E4D59}"
EndProject
Project("{FAE04EC0-301F-11D3-BF4B-00C04F79EFBC}") = "LeanCloud.Realtime.Reactive.Unity.NetFx35", "..\Rx\LeanCloud.Realtime.Reactive.Unity.NetFx35.csproj", "{5EA551BC-C961-4A32-ABEA-D5E4B36F3E51}"
EndProject
Global
	GlobalSection(SolutionConfigurationPlatforms) = preSolution
		Debug|Any CPU = Debug|Any CPU
		Debug|iPhone = Debug|iPhone
		Debug|iPhoneSimulator = Debug|iPhoneSimulator
		Release|Any CPU = Release|Any CPU
		Release|iPhone = Release|iPhone
		Release|iPhoneSimulator = Release|iPhoneSimulator
	EndGlobalSection
	GlobalSection(ProjectConfigurationPlatforms) = postSolution
		{6F0554F3-8CC8-4A34-BD68-33A555CCA74D}.Debug|Any CPU.ActiveCfg = Debug|Any CPU
		{6F0554F3-8CC8-4A34-BD68-33A555CCA74D}.Debug|Any CPU.Build.0 = Debug|Any CPU
		{6F0554F3-8CC8-4A34-BD68-33A555CCA74D}.Debug|iPhone.ActiveCfg = Debug|Any CPU
		{6F0554F3-8CC8-4A34-BD68-33A555CCA74D}.Debug|iPhone.Build.0 = Debug|Any CPU
		{6F0554F3-8CC8-4A34-BD68-33A555CCA74D}.Debug|iPhoneSimulator.ActiveCfg = Debug|Any CPU
		{6F0554F3-8CC8-4A34-BD68-33A555CCA74D}.Debug|iPhoneSimulator.Build.0 = Debug|Any CPU
		{6F0554F3-8CC8-4A34-BD68-33A555CCA74D}.Release|Any CPU.ActiveCfg = Release|Any CPU
		{6F0554F3-8CC8-4A34-BD68-33A555CCA74D}.Release|Any CPU.Build.0 = Release|Any CPU
		{6F0554F3-8CC8-4A34-BD68-33A555CCA74D}.Release|iPhone.ActiveCfg = Release|Any CPU
		{6F0554F3-8CC8-4A34-BD68-33A555CCA74D}.Release|iPhone.Build.0 = Release|Any CPU
		{6F0554F3-8CC8-4A34-BD68-33A555CCA74D}.Release|iPhoneSimulator.ActiveCfg = Release|Any CPU
		{6F0554F3-8CC8-4A34-BD68-33A555CCA74D}.Release|iPhoneSimulator.Build.0 = Release|Any CPU
		{932D8AE3-F5F0-4B01-9CE2-00208472AEE8}.Debug|Any CPU.ActiveCfg = Debug|Any CPU
		{932D8AE3-F5F0-4B01-9CE2-00208472AEE8}.Debug|Any CPU.Build.0 = Debug|Any CPU
		{932D8AE3-F5F0-4B01-9CE2-00208472AEE8}.Debug|iPhone.ActiveCfg = Debug|Any CPU
		{932D8AE3-F5F0-4B01-9CE2-00208472AEE8}.Debug|iPhone.Build.0 = Debug|Any CPU
		{932D8AE3-F5F0-4B01-9CE2-00208472AEE8}.Debug|iPhoneSimulator.ActiveCfg = Debug|Any CPU
		{932D8AE3-F5F0-4B01-9CE2-00208472AEE8}.Debug|iPhoneSimulator.Build.0 = Debug|Any CPU
		{932D8AE3-F5F0-4B01-9CE2-00208472AEE8}.Release|Any CPU.ActiveCfg = Release|Any CPU
		{932D8AE3-F5F0-4B01-9CE2-00208472AEE8}.Release|Any CPU.Build.0 = Release|Any CPU
		{932D8AE3-F5F0-4B01-9CE2-00208472AEE8}.Release|iPhone.ActiveCfg = Release|Any CPU
		{932D8AE3-F5F0-4B01-9CE2-00208472AEE8}.Release|iPhone.Build.0 = Release|Any CPU
		{932D8AE3-F5F0-4B01-9CE2-00208472AEE8}.Release|iPhoneSimulator.ActiveCfg = Release|Any CPU
		{932D8AE3-F5F0-4B01-9CE2-00208472AEE8}.Release|iPhoneSimulator.Build.0 = Release|Any CPU
		{4442C93D-060D-4CE9-8062-4DBCB58541B6}.Debug|Any CPU.ActiveCfg = Debug|Any CPU
		{4442C93D-060D-4CE9-8062-4DBCB58541B6}.Debug|Any CPU.Build.0 = Debug|Any CPU
		{4442C93D-060D-4CE9-8062-4DBCB58541B6}.Debug|iPhone.ActiveCfg = Debug|Any CPU
		{4442C93D-060D-4CE9-8062-4DBCB58541B6}.Debug|iPhone.Build.0 = Debug|Any CPU
		{4442C93D-060D-4CE9-8062-4DBCB58541B6}.Debug|iPhoneSimulator.ActiveCfg = Debug|Any CPU
		{4442C93D-060D-4CE9-8062-4DBCB58541B6}.Debug|iPhoneSimulator.Build.0 = Debug|Any CPU
		{4442C93D-060D-4CE9-8062-4DBCB58541B6}.Release|Any CPU.ActiveCfg = Release|Any CPU
		{4442C93D-060D-4CE9-8062-4DBCB58541B6}.Release|Any CPU.Build.0 = Release|Any CPU
		{4442C93D-060D-4CE9-8062-4DBCB58541B6}.Release|iPhone.ActiveCfg = Release|Any CPU
		{4442C93D-060D-4CE9-8062-4DBCB58541B6}.Release|iPhone.Build.0 = Release|Any CPU
		{4442C93D-060D-4CE9-8062-4DBCB58541B6}.Release|iPhoneSimulator.ActiveCfg = Release|Any CPU
		{4442C93D-060D-4CE9-8062-4DBCB58541B6}.Release|iPhoneSimulator.Build.0 = Release|Any CPU
		{FB411054-8ED5-43D5-9636-AD61E60F451B}.Debug|Any CPU.ActiveCfg = Debug|Any CPU
		{FB411054-8ED5-43D5-9636-AD61E60F451B}.Debug|Any CPU.Build.0 = Debug|Any CPU
		{FB411054-8ED5-43D5-9636-AD61E60F451B}.Debug|iPhone.ActiveCfg = Debug|Any CPU
		{FB411054-8ED5-43D5-9636-AD61E60F451B}.Debug|iPhone.Build.0 = Debug|Any CPU
		{FB411054-8ED5-43D5-9636-AD61E60F451B}.Debug|iPhoneSimulator.ActiveCfg = Debug|Any CPU
		{FB411054-8ED5-43D5-9636-AD61E60F451B}.Debug|iPhoneSimulator.Build.0 = Debug|Any CPU
		{FB411054-8ED5-43D5-9636-AD61E60F451B}.Release|Any CPU.ActiveCfg = Release|Any CPU
		{FB411054-8ED5-43D5-9636-AD61E60F451B}.Release|Any CPU.Build.0 = Release|Any CPU
		{FB411054-8ED5-43D5-9636-AD61E60F451B}.Release|iPhone.ActiveCfg = Release|Any CPU
		{FB411054-8ED5-43D5-9636-AD61E60F451B}.Release|iPhone.Build.0 = Release|Any CPU
		{FB411054-8ED5-43D5-9636-AD61E60F451B}.Release|iPhoneSimulator.ActiveCfg = Release|Any CPU
		{FB411054-8ED5-43D5-9636-AD61E60F451B}.Release|iPhoneSimulator.Build.0 = Release|Any CPU
		{93CB874F-5213-4B01-9CF6-C2FB6B1E4D59}.Debug|Any CPU.ActiveCfg = Debug|Any CPU
		{93CB874F-5213-4B01-9CF6-C2FB6B1E4D59}.Debug|Any CPU.Build.0 = Debug|Any CPU
		{93CB874F-5213-4B01-9CF6-C2FB6B1E4D59}.Debug|iPhone.ActiveCfg = Debug|Any CPU
		{93CB874F-5213-4B01-9CF6-C2FB6B1E4D59}.Debug|iPhone.Build.0 = Debug|Any CPU
		{93CB874F-5213-4B01-9CF6-C2FB6B1E4D59}.Debug|iPhoneSimulator.ActiveCfg = Debug|Any CPU
		{93CB874F-5213-4B01-9CF6-C2FB6B1E4D59}.Debug|iPhoneSimulator.Build.0 = Debug|Any CPU
		{93CB874F-5213-4B01-9CF6-C2FB6B1E4D59}.Release|Any CPU.ActiveCfg = Release|Any CPU
		{93CB874F-5213-4B01-9CF6-C2FB6B1E4D59}.Release|Any CPU.Build.0 = Release|Any CPU
		{93CB874F-5213-4B01-9CF6-C2FB6B1E4D59}.Release|iPhone.ActiveCfg = Release|Any CPU
		{93CB874F-5213-4B01-9CF6-C2FB6B1E4D59}.Release|iPhone.Build.0 = Release|Any CPU
		{93CB874F-5213-4B01-9CF6-C2FB6B1E4D59}.Release|iPhoneSimulator.ActiveCfg = Release|Any CPU
		{93CB874F-5213-4B01-9CF6-C2FB6B1E4D59}.Release|iPhoneSimulator.Build.0 = Release|Any CPU
		{5EA551BC-C961-4A32-ABEA-D5E4B36F3E51}.Debug|Any CPU.ActiveCfg = Debug|Any CPU
		{5EA551BC-C961-4A32-ABEA-D5E4B36F3E51}.Debug|Any CPU.Build.0 = Debug|Any CPU
		{5EA551BC-C961-4A32-ABEA-D5E4B36F3E51}.Debug|iPhone.ActiveCfg = Debug|Any CPU
		{5EA551BC-C961-4A32-ABEA-D5E4B36F3E51}.Debug|iPhone.Build.0 = Debug|Any CPU
		{5EA551BC-C961-4A32-ABEA-D5E4B36F3E51}.Debug|iPhoneSimulator.ActiveCfg = Debug|Any CPU
		{5EA551BC-C961-4A32-ABEA-D5E4B36F3E51}.Debug|iPhoneSimulator.Build.0 = Debug|Any CPU
		{5EA551BC-C961-4A32-ABEA-D5E4B36F3E51}.Release|Any CPU.ActiveCfg = Release|Any CPU
		{5EA551BC-C961-4A32-ABEA-D5E4B36F3E51}.Release|Any CPU.Build.0 = Release|Any CPU
		{5EA551BC-C961-4A32-ABEA-D5E4B36F3E51}.Release|iPhone.ActiveCfg = Release|Any CPU
		{5EA551BC-C961-4A32-ABEA-D5E4B36F3E51}.Release|iPhone.Build.0 = Release|Any CPU
		{5EA551BC-C961-4A32-ABEA-D5E4B36F3E51}.Release|iPhoneSimulator.ActiveCfg = Release|Any CPU
		{5EA551BC-C961-4A32-ABEA-D5E4B36F3E51}.Release|iPhoneSimulator.Build.0 = Release|Any CPU
	EndGlobalSection
	GlobalSection(SolutionProperties) = preSolution
		HideSolutionNode = FALSE
	EndGlobalSection
	GlobalSection(NestedProjects) = preSolution
		{FB411054-8ED5-43D5-9636-AD61E60F451B} = {4C1E2836-1A6F-45CD-8CE7-8E755B1BC7FA}
		{93CB874F-5213-4B01-9CF6-C2FB6B1E4D59} = {4C1E2836-1A6F-45CD-8CE7-8E755B1BC7FA}
		{5EA551BC-C961-4A32-ABEA-D5E4B36F3E51} = {4C1E2836-1A6F-45CD-8CE7-8E755B1BC7FA}
	EndGlobalSection
	GlobalSection(ExtensibilityGlobals) = postSolution
		SolutionGuid = {6ADB001B-71B3-4A4A-B406-90F6A58BEF3E}
	EndGlobalSection
EndGlobal
